// !$*UTF8*$!
{
	archiveVersion = 1;
	classes = {
	};
	objectVersion = 56;
	objects = {

/* Begin PBXBuildFile section */
		DA0CC4972B59264D002D7E4F /* SingleImageViewController.swift in Sources */ = {isa = PBXBuildFile; fileRef = DA0CC4962B59264D002D7E4F /* SingleImageViewController.swift */; };
		DA14F7A32B7A435900B075CE /* ProfileResult.swift in Sources */ = {isa = PBXBuildFile; fileRef = DA14F7A22B7A435900B075CE /* ProfileResult.swift */; };
		DA14F7A52B7A439B00B075CE /* Profile.swift in Sources */ = {isa = PBXBuildFile; fileRef = DA14F7A42B7A439B00B075CE /* Profile.swift */; };
		DA14F7A72B7CCAE500B075CE /* ProfileImageService.swift in Sources */ = {isa = PBXBuildFile; fileRef = DA14F7A62B7CCAE500B075CE /* ProfileImageService.swift */; };
		DA1C636C2B2735EB001998C1 /* AppDelegate.swift in Sources */ = {isa = PBXBuildFile; fileRef = DA1C636B2B2735EB001998C1 /* AppDelegate.swift */; };
		DA1C636E2B2735EB001998C1 /* SceneDelegate.swift in Sources */ = {isa = PBXBuildFile; fileRef = DA1C636D2B2735EB001998C1 /* SceneDelegate.swift */; };
		DA1C63702B2735EB001998C1 /* ImagesListViewController.swift in Sources */ = {isa = PBXBuildFile; fileRef = DA1C636F2B2735EB001998C1 /* ImagesListViewController.swift */; };
		DA1C63732B2735EB001998C1 /* Main.storyboard in Resources */ = {isa = PBXBuildFile; fileRef = DA1C63712B2735EB001998C1 /* Main.storyboard */; };
		DA1C63752B2735ED001998C1 /* Assets.xcassets in Resources */ = {isa = PBXBuildFile; fileRef = DA1C63742B2735ED001998C1 /* Assets.xcassets */; };
		DA1C63782B2735ED001998C1 /* LaunchScreen.storyboard in Resources */ = {isa = PBXBuildFile; fileRef = DA1C63762B2735ED001998C1 /* LaunchScreen.storyboard */; };
		DA37C30A2B57D6E100F92B47 /* ProfileViewController.swift in Sources */ = {isa = PBXBuildFile; fileRef = DA37C3092B57D6E100F92B47 /* ProfileViewController.swift */; };
		DA39C7482B7CEE6400CE1B5C /* Kingfisher in Frameworks */ = {isa = PBXBuildFile; productRef = DA39C7472B7CEE6400CE1B5C /* Kingfisher */; };
		DA39C74B2B7CF28C00CE1B5C /* SwiftKeychainWrapper in Frameworks */ = {isa = PBXBuildFile; productRef = DA39C74A2B7CF28C00CE1B5C /* SwiftKeychainWrapper */; };
		DA39C74D2B7E177700CE1B5C /* TabBarController.swift in Sources */ = {isa = PBXBuildFile; fileRef = DA39C74C2B7E177700CE1B5C /* TabBarController.swift */; };
		DA5510F02B4FDE1500B39025 /* ImagesListCell.swift in Sources */ = {isa = PBXBuildFile; fileRef = DA5510EF2B4FDE1500B39025 /* ImagesListCell.swift */; };
		DA82826B2B7A3AA7006E00C8 /* UIBlockingProgressHUD.swift in Sources */ = {isa = PBXBuildFile; fileRef = DA82826A2B7A3AA7006E00C8 /* UIBlockingProgressHUD.swift */; };
		DA82826D2B7A420A006E00C8 /* ProfileService.swift in Sources */ = {isa = PBXBuildFile; fileRef = DA82826C2B7A420A006E00C8 /* ProfileService.swift */; };
		DAFE41B62B67BBBE00C0C030 /* Constants.swift in Sources */ = {isa = PBXBuildFile; fileRef = DAFE41B52B67BBBE00C0C030 /* Constants.swift */; };
		DAFE41BA2B68F3E600C0C030 /* AuthViewController.swift in Sources */ = {isa = PBXBuildFile; fileRef = DAFE41B92B68F3E600C0C030 /* AuthViewController.swift */; };
		DAFE41BD2B68F89E00C0C030 /* WebViewViewController.swift in Sources */ = {isa = PBXBuildFile; fileRef = DAFE41BC2B68F89E00C0C030 /* WebViewViewController.swift */; };
		DAFE41C32B72529300C0C030 /* OAuth2Service.swift in Sources */ = {isa = PBXBuildFile; fileRef = DAFE41C22B72529300C0C030 /* OAuth2Service.swift */; };
		DAFE41C52B7252BC00C0C030 /* OAuth2TokenStorage.swift in Sources */ = {isa = PBXBuildFile; fileRef = DAFE41C42B7252BC00C0C030 /* OAuth2TokenStorage.swift */; };
		DAFE41C82B72531300C0C030 /* SplashViewController.swift in Sources */ = {isa = PBXBuildFile; fileRef = DAFE41C72B72531300C0C030 /* SplashViewController.swift */; };
		DAFE41CA2B7263C600C0C030 /* NetworkErrors.swift in Sources */ = {isa = PBXBuildFile; fileRef = DAFE41C92B7263C600C0C030 /* NetworkErrors.swift */; };
		DAFE41CC2B72649100C0C030 /* ResponseBody.swift in Sources */ = {isa = PBXBuildFile; fileRef = DAFE41CB2B72649100C0C030 /* ResponseBody.swift */; };
		DAFE41CF2B74E50300C0C030 /* ProgressHUD in Frameworks */ = {isa = PBXBuildFile; productRef = DAFE41CE2B74E50300C0C030 /* ProgressHUD */; };
/* End PBXBuildFile section */

/* Begin PBXFileReference section */
		DA0CC4962B59264D002D7E4F /* SingleImageViewController.swift */ = {isa = PBXFileReference; lastKnownFileType = sourcecode.swift; path = SingleImageViewController.swift; sourceTree = "<group>"; };
		DA14F7A22B7A435900B075CE /* ProfileResult.swift */ = {isa = PBXFileReference; lastKnownFileType = sourcecode.swift; path = ProfileResult.swift; sourceTree = "<group>"; };
		DA14F7A42B7A439B00B075CE /* Profile.swift */ = {isa = PBXFileReference; lastKnownFileType = sourcecode.swift; path = Profile.swift; sourceTree = "<group>"; };
		DA14F7A62B7CCAE500B075CE /* ProfileImageService.swift */ = {isa = PBXFileReference; lastKnownFileType = sourcecode.swift; path = ProfileImageService.swift; sourceTree = "<group>"; };
		DA1C63682B2735EB001998C1 /* ImageFeed.app */ = {isa = PBXFileReference; explicitFileType = wrapper.application; includeInIndex = 0; path = ImageFeed.app; sourceTree = BUILT_PRODUCTS_DIR; };
		DA1C636B2B2735EB001998C1 /* AppDelegate.swift */ = {isa = PBXFileReference; lastKnownFileType = sourcecode.swift; path = AppDelegate.swift; sourceTree = "<group>"; };
		DA1C636D2B2735EB001998C1 /* SceneDelegate.swift */ = {isa = PBXFileReference; lastKnownFileType = sourcecode.swift; path = SceneDelegate.swift; sourceTree = "<group>"; };
		DA1C636F2B2735EB001998C1 /* ImagesListViewController.swift */ = {isa = PBXFileReference; lastKnownFileType = sourcecode.swift; path = ImagesListViewController.swift; sourceTree = "<group>"; };
		DA1C63722B2735EB001998C1 /* Base */ = {isa = PBXFileReference; lastKnownFileType = file.storyboard; name = Base; path = Base.lproj/Main.storyboard; sourceTree = "<group>"; };
		DA1C63742B2735ED001998C1 /* Assets.xcassets */ = {isa = PBXFileReference; lastKnownFileType = folder.assetcatalog; path = Assets.xcassets; sourceTree = "<group>"; };
		DA1C63772B2735ED001998C1 /* Base */ = {isa = PBXFileReference; lastKnownFileType = file.storyboard; name = Base; path = Base.lproj/LaunchScreen.storyboard; sourceTree = "<group>"; };
		DA1C63792B2735ED001998C1 /* Info.plist */ = {isa = PBXFileReference; lastKnownFileType = text.plist.xml; path = Info.plist; sourceTree = "<group>"; };
		DA37C3092B57D6E100F92B47 /* ProfileViewController.swift */ = {isa = PBXFileReference; lastKnownFileType = sourcecode.swift; path = ProfileViewController.swift; sourceTree = "<group>"; };
		DA39C74C2B7E177700CE1B5C /* TabBarController.swift */ = {isa = PBXFileReference; lastKnownFileType = sourcecode.swift; path = TabBarController.swift; sourceTree = "<group>"; };
		DA5510EF2B4FDE1500B39025 /* ImagesListCell.swift */ = {isa = PBXFileReference; lastKnownFileType = sourcecode.swift; path = ImagesListCell.swift; sourceTree = "<group>"; };
		DA82826A2B7A3AA7006E00C8 /* UIBlockingProgressHUD.swift */ = {isa = PBXFileReference; lastKnownFileType = sourcecode.swift; path = UIBlockingProgressHUD.swift; sourceTree = "<group>"; };
		DA82826C2B7A420A006E00C8 /* ProfileService.swift */ = {isa = PBXFileReference; lastKnownFileType = sourcecode.swift; path = ProfileService.swift; sourceTree = "<group>"; };
		DAFE41B52B67BBBE00C0C030 /* Constants.swift */ = {isa = PBXFileReference; lastKnownFileType = sourcecode.swift; path = Constants.swift; sourceTree = "<group>"; };
		DAFE41B92B68F3E600C0C030 /* AuthViewController.swift */ = {isa = PBXFileReference; lastKnownFileType = sourcecode.swift; path = AuthViewController.swift; sourceTree = "<group>"; };
		DAFE41BC2B68F89E00C0C030 /* WebViewViewController.swift */ = {isa = PBXFileReference; lastKnownFileType = sourcecode.swift; path = WebViewViewController.swift; sourceTree = "<group>"; };
		DAFE41C22B72529300C0C030 /* OAuth2Service.swift */ = {isa = PBXFileReference; lastKnownFileType = sourcecode.swift; path = OAuth2Service.swift; sourceTree = "<group>"; };
		DAFE41C42B7252BC00C0C030 /* OAuth2TokenStorage.swift */ = {isa = PBXFileReference; lastKnownFileType = sourcecode.swift; path = OAuth2TokenStorage.swift; sourceTree = "<group>"; };
		DAFE41C72B72531300C0C030 /* SplashViewController.swift */ = {isa = PBXFileReference; lastKnownFileType = sourcecode.swift; path = SplashViewController.swift; sourceTree = "<group>"; };
		DAFE41C92B7263C600C0C030 /* NetworkErrors.swift */ = {isa = PBXFileReference; lastKnownFileType = sourcecode.swift; path = NetworkErrors.swift; sourceTree = "<group>"; };
		DAFE41CB2B72649100C0C030 /* ResponseBody.swift */ = {isa = PBXFileReference; lastKnownFileType = sourcecode.swift; path = ResponseBody.swift; sourceTree = "<group>"; };
/* End PBXFileReference section */

/* Begin PBXFrameworksBuildPhase section */
		DA1C63652B2735EB001998C1 /* Frameworks */ = {
			isa = PBXFrameworksBuildPhase;
			buildActionMask = 2147483647;
			files = (
				DA39C7482B7CEE6400CE1B5C /* Kingfisher in Frameworks */,
				DAFE41CF2B74E50300C0C030 /* ProgressHUD in Frameworks */,
				DA39C74B2B7CF28C00CE1B5C /* SwiftKeychainWrapper in Frameworks */,
			);
			runOnlyForDeploymentPostprocessing = 0;
		};
/* End PBXFrameworksBuildPhase section */

/* Begin PBXGroup section */
		DA0CC4952B57E9F5002D7E4F /* Profile */ = {
			isa = PBXGroup;
			children = (
				DA37C3092B57D6E100F92B47 /* ProfileViewController.swift */,
				DA82826C2B7A420A006E00C8 /* ProfileService.swift */,
				DA14F7A62B7CCAE500B075CE /* ProfileImageService.swift */,
				DA14F7A22B7A435900B075CE /* ProfileResult.swift */,
				DA14F7A42B7A439B00B075CE /* Profile.swift */,
			);
			path = Profile;
			sourceTree = "<group>";
		};
		DA0CC4982B59299C002D7E4F /* SingleImageController */ = {
			isa = PBXGroup;
			children = (
				DA0CC4962B59264D002D7E4F /* SingleImageViewController.swift */,
			);
			path = SingleImageController;
			sourceTree = "<group>";
		};
		DA1C635F2B2735EA001998C1 = {
			isa = PBXGroup;
			children = (
				DA1C636A2B2735EB001998C1 /* ImageFeed */,
				DA1C63692B2735EB001998C1 /* Products */,
			);
			sourceTree = "<group>";
		};
		DA1C63692B2735EB001998C1 /* Products */ = {
			isa = PBXGroup;
			children = (
				DA1C63682B2735EB001998C1 /* ImageFeed.app */,
			);
			name = Products;
			sourceTree = "<group>";
		};
		DA1C636A2B2735EB001998C1 /* ImageFeed */ = {
			isa = PBXGroup;
			children = (
				DAFE41C62B7252FC00C0C030 /* SplashViewController */,
				DA39C74E2B7E24EC00CE1B5C /* TabBarController */,
				DAFE41C12B72527500C0C030 /* OAuth2 */,
				DAFE41BB2B68F41600C0C030 /* Auth */,
				DA0CC4982B59299C002D7E4F /* SingleImageController */,
				DA0CC4952B57E9F5002D7E4F /* Profile */,
				DA5510F12B4FDF7C00B39025 /* ImagesList */,
				DA1C636B2B2735EB001998C1 /* AppDelegate.swift */,
				DA1C636D2B2735EB001998C1 /* SceneDelegate.swift */,
				DAFE41B52B67BBBE00C0C030 /* Constants.swift */,
				DA1C63712B2735EB001998C1 /* Main.storyboard */,
				DA1C63762B2735ED001998C1 /* LaunchScreen.storyboard */,
				DA1C637F2B29BB81001998C1 /* Resources */,
			);
			path = ImageFeed;
			sourceTree = "<group>";
		};
		DA1C637F2B29BB81001998C1 /* Resources */ = {
			isa = PBXGroup;
			children = (
				DA1C63742B2735ED001998C1 /* Assets.xcassets */,
				DA1C63792B2735ED001998C1 /* Info.plist */,
			);
			path = Resources;
			sourceTree = "<group>";
		};
		DA39C74E2B7E24EC00CE1B5C /* TabBarController */ = {
			isa = PBXGroup;
			children = (
				DA39C74C2B7E177700CE1B5C /* TabBarController.swift */,
			);
			path = TabBarController;
			sourceTree = "<group>";
		};
		DA5510F12B4FDF7C00B39025 /* ImagesList */ = {
			isa = PBXGroup;
			children = (
				DA1C636F2B2735EB001998C1 /* ImagesListViewController.swift */,
				DA5510EF2B4FDE1500B39025 /* ImagesListCell.swift */,
			);
			path = ImagesList;
			sourceTree = "<group>";
		};
		DAFE41BB2B68F41600C0C030 /* Auth */ = {
			isa = PBXGroup;
			children = (
				DAFE41B92B68F3E600C0C030 /* AuthViewController.swift */,
				DAFE41BC2B68F89E00C0C030 /* WebViewViewController.swift */,
			);
			path = Auth;
			sourceTree = "<group>";
		};
		DAFE41C12B72527500C0C030 /* OAuth2 */ = {
			isa = PBXGroup;
			children = (
				DAFE41C22B72529300C0C030 /* OAuth2Service.swift */,
				DAFE41C42B7252BC00C0C030 /* OAuth2TokenStorage.swift */,
				DAFE41C92B7263C600C0C030 /* NetworkErrors.swift */,
				DAFE41CB2B72649100C0C030 /* ResponseBody.swift */,
			);
			path = OAuth2;
			sourceTree = "<group>";
		};
		DAFE41C62B7252FC00C0C030 /* SplashViewController */ = {
			isa = PBXGroup;
			children = (
				DAFE41C72B72531300C0C030 /* SplashViewController.swift */,
				DA82826A2B7A3AA7006E00C8 /* UIBlockingProgressHUD.swift */,
			);
			path = SplashViewController;
			sourceTree = "<group>";
		};
/* End PBXGroup section */

/* Begin PBXNativeTarget section */
		DA1C63672B2735EB001998C1 /* ImageFeed */ = {
			isa = PBXNativeTarget;
			buildConfigurationList = DA1C637C2B2735ED001998C1 /* Build configuration list for PBXNativeTarget "ImageFeed" */;
			buildPhases = (
				DA1C63642B2735EB001998C1 /* Sources */,
				DA1C63652B2735EB001998C1 /* Frameworks */,
				DA1C63662B2735EB001998C1 /* Resources */,
			);
			buildRules = (
			);
			dependencies = (
			);
			name = ImageFeed;
			packageProductDependencies = (
				DAFE41CE2B74E50300C0C030 /* ProgressHUD */,
				DA39C7472B7CEE6400CE1B5C /* Kingfisher */,
				DA39C74A2B7CF28C00CE1B5C /* SwiftKeychainWrapper */,
			);
			productName = ImageFeed;
			productReference = DA1C63682B2735EB001998C1 /* ImageFeed.app */;
			productType = "com.apple.product-type.application";
		};
/* End PBXNativeTarget section */

/* Begin PBXProject section */
		DA1C63602B2735EA001998C1 /* Project object */ = {
			isa = PBXProject;
			attributes = {
				BuildIndependentTargetsInParallel = 1;
				LastSwiftUpdateCheck = 1500;
				LastUpgradeCheck = 1500;
				TargetAttributes = {
					DA1C63672B2735EB001998C1 = {
						CreatedOnToolsVersion = 15.0.1;
					};
				};
			};
			buildConfigurationList = DA1C63632B2735EA001998C1 /* Build configuration list for PBXProject "ImageFeed" */;
			compatibilityVersion = "Xcode 14.0";
			developmentRegion = en;
			hasScannedForEncodings = 0;
			knownRegions = (
				en,
				Base,
			);
			mainGroup = DA1C635F2B2735EA001998C1;
			packageReferences = (
				DAFE41CD2B74E50300C0C030 /* XCRemoteSwiftPackageReference "ProgressHUD" */,
				DA39C7462B7CEE6400CE1B5C /* XCRemoteSwiftPackageReference "Kingfisher" */,
				DA39C7492B7CF28C00CE1B5C /* XCRemoteSwiftPackageReference "SwiftKeychainWrapper" */,
			);
			productRefGroup = DA1C63692B2735EB001998C1 /* Products */;
			projectDirPath = "";
			projectRoot = "";
			targets = (
				DA1C63672B2735EB001998C1 /* ImageFeed */,
			);
		};
/* End PBXProject section */

/* Begin PBXResourcesBuildPhase section */
		DA1C63662B2735EB001998C1 /* Resources */ = {
			isa = PBXResourcesBuildPhase;
			buildActionMask = 2147483647;
			files = (
				DA1C63782B2735ED001998C1 /* LaunchScreen.storyboard in Resources */,
				DA1C63752B2735ED001998C1 /* Assets.xcassets in Resources */,
				DA1C63732B2735EB001998C1 /* Main.storyboard in Resources */,
			);
			runOnlyForDeploymentPostprocessing = 0;
		};
/* End PBXResourcesBuildPhase section */

/* Begin PBXSourcesBuildPhase section */
		DA1C63642B2735EB001998C1 /* Sources */ = {
			isa = PBXSourcesBuildPhase;
			buildActionMask = 2147483647;
			files = (
				DAFE41CC2B72649100C0C030 /* ResponseBody.swift in Sources */,
				DA82826D2B7A420A006E00C8 /* ProfileService.swift in Sources */,
				DA1C63702B2735EB001998C1 /* ImagesListViewController.swift in Sources */,
				DA5510F02B4FDE1500B39025 /* ImagesListCell.swift in Sources */,
				DA37C30A2B57D6E100F92B47 /* ProfileViewController.swift in Sources */,
				DAFE41C82B72531300C0C030 /* SplashViewController.swift in Sources */,
				DA1C636C2B2735EB001998C1 /* AppDelegate.swift in Sources */,
				DA14F7A52B7A439B00B075CE /* Profile.swift in Sources */,
				DAFE41C52B7252BC00C0C030 /* OAuth2TokenStorage.swift in Sources */,
				DA14F7A32B7A435900B075CE /* ProfileResult.swift in Sources */,
				DAFE41BA2B68F3E600C0C030 /* AuthViewController.swift in Sources */,
				DA14F7A72B7CCAE500B075CE /* ProfileImageService.swift in Sources */,
				DA82826B2B7A3AA7006E00C8 /* UIBlockingProgressHUD.swift in Sources */,
				DA39C74D2B7E177700CE1B5C /* TabBarController.swift in Sources */,
				DAFE41B62B67BBBE00C0C030 /* Constants.swift in Sources */,
				DA0CC4972B59264D002D7E4F /* SingleImageViewController.swift in Sources */,
				DAFE41BD2B68F89E00C0C030 /* WebViewViewController.swift in Sources */,
				DAFE41CA2B7263C600C0C030 /* NetworkErrors.swift in Sources */,
				DAFE41C32B72529300C0C030 /* OAuth2Service.swift in Sources */,
				DA1C636E2B2735EB001998C1 /* SceneDelegate.swift in Sources */,
			);
			runOnlyForDeploymentPostprocessing = 0;
		};
/* End PBXSourcesBuildPhase section */

/* Begin PBXVariantGroup section */
		DA1C63712B2735EB001998C1 /* Main.storyboard */ = {
			isa = PBXVariantGroup;
			children = (
				DA1C63722B2735EB001998C1 /* Base */,
			);
			name = Main.storyboard;
			sourceTree = "<group>";
		};
		DA1C63762B2735ED001998C1 /* LaunchScreen.storyboard */ = {
			isa = PBXVariantGroup;
			children = (
				DA1C63772B2735ED001998C1 /* Base */,
			);
			name = LaunchScreen.storyboard;
			sourceTree = "<group>";
		};
/* End PBXVariantGroup section */

/* Begin XCBuildConfiguration section */
		DA1C637A2B2735ED001998C1 /* Debug */ = {
			isa = XCBuildConfiguration;
			buildSettings = {
				ALWAYS_SEARCH_USER_PATHS = NO;
				ASSETCATALOG_COMPILER_GENERATE_SWIFT_ASSET_SYMBOL_EXTENSIONS = YES;
				CLANG_ANALYZER_NONNULL = YES;
				CLANG_ANALYZER_NUMBER_OBJECT_CONVERSION = YES_AGGRESSIVE;
				CLANG_CXX_LANGUAGE_STANDARD = "gnu++20";
				CLANG_ENABLE_MODULES = YES;
				CLANG_ENABLE_OBJC_ARC = YES;
				CLANG_ENABLE_OBJC_WEAK = YES;
				CLANG_WARN_BLOCK_CAPTURE_AUTORELEASING = YES;
				CLANG_WARN_BOOL_CONVERSION = YES;
				CLANG_WARN_COMMA = YES;
				CLANG_WARN_CONSTANT_CONVERSION = YES;
				CLANG_WARN_DEPRECATED_OBJC_IMPLEMENTATIONS = YES;
				CLANG_WARN_DIRECT_OBJC_ISA_USAGE = YES_ERROR;
				CLANG_WARN_DOCUMENTATION_COMMENTS = YES;
				CLANG_WARN_EMPTY_BODY = YES;
				CLANG_WARN_ENUM_CONVERSION = YES;
				CLANG_WARN_INFINITE_RECURSION = YES;
				CLANG_WARN_INT_CONVERSION = YES;
				CLANG_WARN_NON_LITERAL_NULL_CONVERSION = YES;
				CLANG_WARN_OBJC_IMPLICIT_RETAIN_SELF = YES;
				CLANG_WARN_OBJC_LITERAL_CONVERSION = YES;
				CLANG_WARN_OBJC_ROOT_CLASS = YES_ERROR;
				CLANG_WARN_QUOTED_INCLUDE_IN_FRAMEWORK_HEADER = YES;
				CLANG_WARN_RANGE_LOOP_ANALYSIS = YES;
				CLANG_WARN_STRICT_PROTOTYPES = YES;
				CLANG_WARN_SUSPICIOUS_MOVE = YES;
				CLANG_WARN_UNGUARDED_AVAILABILITY = YES_AGGRESSIVE;
				CLANG_WARN_UNREACHABLE_CODE = YES;
				CLANG_WARN__DUPLICATE_METHOD_MATCH = YES;
				COPY_PHASE_STRIP = NO;
				DEBUG_INFORMATION_FORMAT = dwarf;
				ENABLE_STRICT_OBJC_MSGSEND = YES;
				ENABLE_TESTABILITY = YES;
				ENABLE_USER_SCRIPT_SANDBOXING = YES;
				GCC_C_LANGUAGE_STANDARD = gnu17;
				GCC_DYNAMIC_NO_PIC = NO;
				GCC_NO_COMMON_BLOCKS = YES;
				GCC_OPTIMIZATION_LEVEL = 0;
				GCC_PREPROCESSOR_DEFINITIONS = (
					"DEBUG=1",
					"$(inherited)",
				);
				GCC_WARN_64_TO_32_BIT_CONVERSION = YES;
				GCC_WARN_ABOUT_RETURN_TYPE = YES_ERROR;
				GCC_WARN_UNDECLARED_SELECTOR = YES;
				GCC_WARN_UNINITIALIZED_AUTOS = YES_AGGRESSIVE;
				GCC_WARN_UNUSED_FUNCTION = YES;
				GCC_WARN_UNUSED_VARIABLE = YES;
				IPHONEOS_DEPLOYMENT_TARGET = 17.0;
				LOCALIZATION_PREFERS_STRING_CATALOGS = YES;
				MTL_ENABLE_DEBUG_INFO = INCLUDE_SOURCE;
				MTL_FAST_MATH = YES;
				ONLY_ACTIVE_ARCH = YES;
				SDKROOT = iphoneos;
				SWIFT_ACTIVE_COMPILATION_CONDITIONS = "DEBUG $(inherited)";
				SWIFT_OPTIMIZATION_LEVEL = "-Onone";
			};
			name = Debug;
		};
		DA1C637B2B2735ED001998C1 /* Release */ = {
			isa = XCBuildConfiguration;
			buildSettings = {
				ALWAYS_SEARCH_USER_PATHS = NO;
				ASSETCATALOG_COMPILER_GENERATE_SWIFT_ASSET_SYMBOL_EXTENSIONS = YES;
				CLANG_ANALYZER_NONNULL = YES;
				CLANG_ANALYZER_NUMBER_OBJECT_CONVERSION = YES_AGGRESSIVE;
				CLANG_CXX_LANGUAGE_STANDARD = "gnu++20";
				CLANG_ENABLE_MODULES = YES;
				CLANG_ENABLE_OBJC_ARC = YES;
				CLANG_ENABLE_OBJC_WEAK = YES;
				CLANG_WARN_BLOCK_CAPTURE_AUTORELEASING = YES;
				CLANG_WARN_BOOL_CONVERSION = YES;
				CLANG_WARN_COMMA = YES;
				CLANG_WARN_CONSTANT_CONVERSION = YES;
				CLANG_WARN_DEPRECATED_OBJC_IMPLEMENTATIONS = YES;
				CLANG_WARN_DIRECT_OBJC_ISA_USAGE = YES_ERROR;
				CLANG_WARN_DOCUMENTATION_COMMENTS = YES;
				CLANG_WARN_EMPTY_BODY = YES;
				CLANG_WARN_ENUM_CONVERSION = YES;
				CLANG_WARN_INFINITE_RECURSION = YES;
				CLANG_WARN_INT_CONVERSION = YES;
				CLANG_WARN_NON_LITERAL_NULL_CONVERSION = YES;
				CLANG_WARN_OBJC_IMPLICIT_RETAIN_SELF = YES;
				CLANG_WARN_OBJC_LITERAL_CONVERSION = YES;
				CLANG_WARN_OBJC_ROOT_CLASS = YES_ERROR;
				CLANG_WARN_QUOTED_INCLUDE_IN_FRAMEWORK_HEADER = YES;
				CLANG_WARN_RANGE_LOOP_ANALYSIS = YES;
				CLANG_WARN_STRICT_PROTOTYPES = YES;
				CLANG_WARN_SUSPICIOUS_MOVE = YES;
				CLANG_WARN_UNGUARDED_AVAILABILITY = YES_AGGRESSIVE;
				CLANG_WARN_UNREACHABLE_CODE = YES;
				CLANG_WARN__DUPLICATE_METHOD_MATCH = YES;
				COPY_PHASE_STRIP = NO;
				DEBUG_INFORMATION_FORMAT = "dwarf-with-dsym";
				ENABLE_NS_ASSERTIONS = NO;
				ENABLE_STRICT_OBJC_MSGSEND = YES;
				ENABLE_USER_SCRIPT_SANDBOXING = YES;
				GCC_C_LANGUAGE_STANDARD = gnu17;
				GCC_NO_COMMON_BLOCKS = YES;
				GCC_WARN_64_TO_32_BIT_CONVERSION = YES;
				GCC_WARN_ABOUT_RETURN_TYPE = YES_ERROR;
				GCC_WARN_UNDECLARED_SELECTOR = YES;
				GCC_WARN_UNINITIALIZED_AUTOS = YES_AGGRESSIVE;
				GCC_WARN_UNUSED_FUNCTION = YES;
				GCC_WARN_UNUSED_VARIABLE = YES;
				IPHONEOS_DEPLOYMENT_TARGET = 17.0;
				LOCALIZATION_PREFERS_STRING_CATALOGS = YES;
				MTL_ENABLE_DEBUG_INFO = NO;
				MTL_FAST_MATH = YES;
				SDKROOT = iphoneos;
				SWIFT_COMPILATION_MODE = wholemodule;
				VALIDATE_PRODUCT = YES;
			};
			name = Release;
		};
		DA1C637D2B2735ED001998C1 /* Debug */ = {
			isa = XCBuildConfiguration;
			buildSettings = {
				ASSETCATALOG_COMPILER_APPICON_NAME = AppIcon;
				ASSETCATALOG_COMPILER_GLOBAL_ACCENT_COLOR_NAME = AccentColor;
				CODE_SIGN_STYLE = Automatic;
				CURRENT_PROJECT_VERSION = 1;
				DEVELOPMENT_TEAM = M7U29H9JVT;
				GENERATE_INFOPLIST_FILE = YES;
				INFOPLIST_FILE = ImageFeed/Resources/Info.plist;
				INFOPLIST_KEY_UIApplicationSupportsIndirectInputEvents = YES;
				INFOPLIST_KEY_UILaunchStoryboardName = LaunchScreen;
				INFOPLIST_KEY_UIMainStoryboardFile = Main;
				INFOPLIST_KEY_UIStatusBarStyle = UIStatusBarStyleLightContent;
				INFOPLIST_KEY_UISupportedInterfaceOrientations = UIInterfaceOrientationPortrait;
				INFOPLIST_KEY_UISupportedInterfaceOrientations_iPad = "UIInterfaceOrientationLandscapeLeft UIInterfaceOrientationLandscapeRight UIInterfaceOrientationPortrait";
				IPHONEOS_DEPLOYMENT_TARGET = 13.0;
				LD_RUNPATH_SEARCH_PATHS = (
					"$(inherited)",
					"@executable_path/Frameworks",
				);
				MARKETING_VERSION = 1.0;
				PRODUCT_BUNDLE_IDENTIFIER = "com.mikhail-frantsuzov.ImageFeed";
				PRODUCT_NAME = "$(TARGET_NAME)";
				SWIFT_EMIT_LOC_STRINGS = YES;
				SWIFT_VERSION = 5.0;
				TARGETED_DEVICE_FAMILY = 1;
			};
			name = Debug;
		};
		DA1C637E2B2735ED001998C1 /* Release */ = {
			isa = XCBuildConfiguration;
			buildSettings = {
				ASSETCATALOG_COMPILER_APPICON_NAME = AppIcon;
				ASSETCATALOG_COMPILER_GLOBAL_ACCENT_COLOR_NAME = AccentColor;
				CODE_SIGN_STYLE = Automatic;
				CURRENT_PROJECT_VERSION = 1;
				DEVELOPMENT_TEAM = M7U29H9JVT;
				GENERATE_INFOPLIST_FILE = YES;
				INFOPLIST_FILE = ImageFeed/Resources/Info.plist;
				INFOPLIST_KEY_UIApplicationSupportsIndirectInputEvents = YES;
				INFOPLIST_KEY_UILaunchStoryboardName = LaunchScreen;
				INFOPLIST_KEY_UIMainStoryboardFile = Main;
				INFOPLIST_KEY_UIStatusBarStyle = UIStatusBarStyleLightContent;
				INFOPLIST_KEY_UISupportedInterfaceOrientations = UIInterfaceOrientationPortrait;
				INFOPLIST_KEY_UISupportedInterfaceOrientations_iPad = "UIInterfaceOrientationLandscapeLeft UIInterfaceOrientationLandscapeRight UIInterfaceOrientationPortrait";
				IPHONEOS_DEPLOYMENT_TARGET = 13.0;
				LD_RUNPATH_SEARCH_PATHS = (
					"$(inherited)",
					"@executable_path/Frameworks",
				);
				MARKETING_VERSION = 1.0;
				PRODUCT_BUNDLE_IDENTIFIER = "com.mikhail-frantsuzov.ImageFeed";
				PRODUCT_NAME = "$(TARGET_NAME)";
				SWIFT_EMIT_LOC_STRINGS = YES;
				SWIFT_VERSION = 5.0;
				TARGETED_DEVICE_FAMILY = 1;
			};
			name = Release;
		};
/* End XCBuildConfiguration section */

/* Begin XCConfigurationList section */
		DA1C63632B2735EA001998C1 /* Build configuration list for PBXProject "ImageFeed" */ = {
			isa = XCConfigurationList;
			buildConfigurations = (
				DA1C637A2B2735ED001998C1 /* Debug */,
				DA1C637B2B2735ED001998C1 /* Release */,
			);
			defaultConfigurationIsVisible = 0;
			defaultConfigurationName = Release;
		};
		DA1C637C2B2735ED001998C1 /* Build configuration list for PBXNativeTarget "ImageFeed" */ = {
			isa = XCConfigurationList;
			buildConfigurations = (
				DA1C637D2B2735ED001998C1 /* Debug */,
				DA1C637E2B2735ED001998C1 /* Release */,
			);
			defaultConfigurationIsVisible = 0;
			defaultConfigurationName = Release;
		};
/* End XCConfigurationList section */

/* Begin XCRemoteSwiftPackageReference section */
		DA39C7462B7CEE6400CE1B5C /* XCRemoteSwiftPackageReference "Kingfisher" */ = {
			isa = XCRemoteSwiftPackageReference;
			repositoryURL = "https://github.com/onevcat/Kingfisher";
			requirement = {
				kind = upToNextMajorVersion;
				minimumVersion = 7.11.0;
			};
		};
		DA39C7492B7CF28C00CE1B5C /* XCRemoteSwiftPackageReference "SwiftKeychainWrapper" */ = {
			isa = XCRemoteSwiftPackageReference;
			repositoryURL = "https://github.com/jrendel/SwiftKeychainWrapper";
			requirement = {
				kind = upToNextMajorVersion;
				minimumVersion = 4.0.1;
			};
		};
		DAFE41CD2B74E50300C0C030 /* XCRemoteSwiftPackageReference "ProgressHUD" */ = {
			isa = XCRemoteSwiftPackageReference;
			repositoryURL = "https://github.com/relatedcode/ProgressHUD";
			requirement = {
				kind = upToNextMajorVersion;
				minimumVersion = 14.1.1;
			};
		};
/* End XCRemoteSwiftPackageReference section */

/* Begin XCSwiftPackageProductDependency section */
		DA39C7472B7CEE6400CE1B5C /* Kingfisher */ = {
			isa = XCSwiftPackageProductDependency;
			package = DA39C7462B7CEE6400CE1B5C /* XCRemoteSwiftPackageReference "Kingfisher" */;
			productName = Kingfisher;
		};
		DA39C74A2B7CF28C00CE1B5C /* SwiftKeychainWrapper */ = {
			isa = XCSwiftPackageProductDependency;
			package = DA39C7492B7CF28C00CE1B5C /* XCRemoteSwiftPackageReference "SwiftKeychainWrapper" */;
			productName = SwiftKeychainWrapper;
		};
		DAFE41CE2B74E50300C0C030 /* ProgressHUD */ = {
			isa = XCSwiftPackageProductDependency;
			package = DAFE41CD2B74E50300C0C030 /* XCRemoteSwiftPackageReference "ProgressHUD" */;
			productName = ProgressHUD;
		};
/* End XCSwiftPackageProductDependency section */
	};
	rootObject = DA1C63602B2735EA001998C1 /* Project object */;
}
